// !$*UTF8*$!
{
	archiveVersion = 1;
	classes = {
	};
	objectVersion = 50;
	objects = {

/* Begin PBXBuildFile section */
		96533B9726A3CB1C00E83025 /* AppDelegate.swift in Sources */ = {isa = PBXBuildFile; fileRef = 96533B9626A3CB1C00E83025 /* AppDelegate.swift */; };
		96533B9926A3CB1C00E83025 /* SceneDelegate.swift in Sources */ = {isa = PBXBuildFile; fileRef = 96533B9826A3CB1C00E83025 /* SceneDelegate.swift */; };
		96533B9B26A3CB1C00E83025 /* ViewController.swift in Sources */ = {isa = PBXBuildFile; fileRef = 96533B9A26A3CB1C00E83025 /* ViewController.swift */; };
		96533B9E26A3CB1C00E83025 /* Main.storyboard in Resources */ = {isa = PBXBuildFile; fileRef = 96533B9C26A3CB1C00E83025 /* Main.storyboard */; };
		96533BA026A3CB1E00E83025 /* Assets.xcassets in Resources */ = {isa = PBXBuildFile; fileRef = 96533B9F26A3CB1E00E83025 /* Assets.xcassets */; };
		96533BA326A3CB1E00E83025 /* LaunchScreen.storyboard in Resources */ = {isa = PBXBuildFile; fileRef = 96533BA126A3CB1E00E83025 /* LaunchScreen.storyboard */; };
		96533BAE26A3CB1F00E83025 /* ____Tests.swift in Sources */ = {isa = PBXBuildFile; fileRef = 96533BAD26A3CB1F00E83025 /* ____Tests.swift */; };
		96533BB926A3CB1F00E83025 /* ____UITests.swift in Sources */ = {isa = PBXBuildFile; fileRef = 96533BB826A3CB1F00E83025 /* ____UITests.swift */; };
/* End PBXBuildFile section */

/* Begin PBXContainerItemProxy section */
		96533BAA26A3CB1F00E83025 /* PBXContainerItemProxy */ = {
			isa = PBXContainerItemProxy;
			containerPortal = 96533B8B26A3CB1C00E83025 /* Project object */;
			proxyType = 1;
			remoteGlobalIDString = 96533B9226A3CB1C00E83025;
			remoteInfo = "鬼滅の刃";
		};
		96533BB526A3CB1F00E83025 /* PBXContainerItemProxy */ = {
			isa = PBXContainerItemProxy;
			containerPortal = 96533B8B26A3CB1C00E83025 /* Project object */;
			proxyType = 1;
			remoteGlobalIDString = 96533B9226A3CB1C00E83025;
			remoteInfo = "鬼滅の刃";
		};
/* End PBXContainerItemProxy section */

/* Begin PBXFileReference section */
		96533B9326A3CB1C00E83025 /* 鬼滅の刃.app */ = {isa = PBXFileReference; explicitFileType = wrapper.application; includeInIndex = 0; path = "鬼滅の刃.app"; sourceTree = BUILT_PRODUCTS_DIR; };
		96533B9626A3CB1C00E83025 /* AppDelegate.swift */ = {isa = PBXFileReference; lastKnownFileType = sourcecode.swift; path = AppDelegate.swift; sourceTree = "<group>"; };
		96533B9826A3CB1C00E83025 /* SceneDelegate.swift */ = {isa = PBXFileReference; lastKnownFileType = sourcecode.swift; path = SceneDelegate.swift; sourceTree = "<group>"; };
		96533B9A26A3CB1C00E83025 /* ViewController.swift */ = {isa = PBXFileReference; lastKnownFileType = sourcecode.swift; path = ViewController.swift; sourceTree = "<group>"; };
		96533B9D26A3CB1C00E83025 /* Base */ = {isa = PBXFileReference; lastKnownFileType = file.storyboard; name = Base; path = Base.lproj/Main.storyboard; sourceTree = "<group>"; };
		96533B9F26A3CB1E00E83025 /* Assets.xcassets */ = {isa = PBXFileReference; lastKnownFileType = folder.assetcatalog; path = Assets.xcassets; sourceTree = "<group>"; };
		96533BA226A3CB1E00E83025 /* Base */ = {isa = PBXFileReference; lastKnownFileType = file.storyboard; name = Base; path = Base.lproj/LaunchScreen.storyboard; sourceTree = "<group>"; };
		96533BA426A3CB1E00E83025 /* Info.plist */ = {isa = PBXFileReference; lastKnownFileType = text.plist.xml; path = Info.plist; sourceTree = "<group>"; };
		96533BA926A3CB1F00E83025 /* 鬼滅の刃Tests.xctest */ = {isa = PBXFileReference; explicitFileType = wrapper.cfbundle; includeInIndex = 0; path = "鬼滅の刃Tests.xctest"; sourceTree = BUILT_PRODUCTS_DIR; };
		96533BAD26A3CB1F00E83025 /* ____Tests.swift */ = {isa = PBXFileReference; lastKnownFileType = sourcecode.swift; path = "____Tests.swift"; sourceTree = "<group>"; };
		96533BAF26A3CB1F00E83025 /* Info.plist */ = {isa = PBXFileReference; lastKnownFileType = text.plist.xml; path = Info.plist; sourceTree = "<group>"; };
		96533BB426A3CB1F00E83025 /* 鬼滅の刃UITests.xctest */ = {isa = PBXFileReference; explicitFileType = wrapper.cfbundle; includeInIndex = 0; path = "鬼滅の刃UITests.xctest"; sourceTree = BUILT_PRODUCTS_DIR; };
		96533BB826A3CB1F00E83025 /* ____UITests.swift */ = {isa = PBXFileReference; lastKnownFileType = sourcecode.swift; path = "____UITests.swift"; sourceTree = "<group>"; };
		96533BBA26A3CB1F00E83025 /* Info.plist */ = {isa = PBXFileReference; lastKnownFileType = text.plist.xml; path = Info.plist; sourceTree = "<group>"; };
/* End PBXFileReference section */

/* Begin PBXFrameworksBuildPhase section */
		96533B9026A3CB1C00E83025 /* Frameworks */ = {
			isa = PBXFrameworksBuildPhase;
			buildActionMask = 2147483647;
			files = (
			);
			runOnlyForDeploymentPostprocessing = 0;
		};
		96533BA626A3CB1F00E83025 /* Frameworks */ = {
			isa = PBXFrameworksBuildPhase;
			buildActionMask = 2147483647;
			files = (
			);
			runOnlyForDeploymentPostprocessing = 0;
		};
		96533BB126A3CB1F00E83025 /* Frameworks */ = {
			isa = PBXFrameworksBuildPhase;
			buildActionMask = 2147483647;
			files = (
			);
			runOnlyForDeploymentPostprocessing = 0;
		};
/* End PBXFrameworksBuildPhase section */

/* Begin PBXGroup section */
		96533B8A26A3CB1C00E83025 = {
			isa = PBXGroup;
			children = (
				96533B9526A3CB1C00E83025 /* 鬼滅の刃 */,
				96533BAC26A3CB1F00E83025 /* 鬼滅の刃Tests */,
				96533BB726A3CB1F00E83025 /* 鬼滅の刃UITests */,
				96533B9426A3CB1C00E83025 /* Products */,
			);
			sourceTree = "<group>";
		};
		96533B9426A3CB1C00E83025 /* Products */ = {
			isa = PBXGroup;
			children = (
				96533B9326A3CB1C00E83025 /* 鬼滅の刃.app */,
				96533BA926A3CB1F00E83025 /* 鬼滅の刃Tests.xctest */,
				96533BB426A3CB1F00E83025 /* 鬼滅の刃UITests.xctest */,
			);
			name = Products;
			sourceTree = "<group>";
		};
		96533B9526A3CB1C00E83025 /* 鬼滅の刃 */ = {
			isa = PBXGroup;
			children = (
				96533B9626A3CB1C00E83025 /* AppDelegate.swift */,
				96533B9826A3CB1C00E83025 /* SceneDelegate.swift */,
				96533B9A26A3CB1C00E83025 /* ViewController.swift */,
				96533B9C26A3CB1C00E83025 /* Main.storyboard */,
				96533B9F26A3CB1E00E83025 /* Assets.xcassets */,
				96533BA126A3CB1E00E83025 /* LaunchScreen.storyboard */,
				96533BA426A3CB1E00E83025 /* Info.plist */,
			);
			path = "鬼滅の刃";
			sourceTree = "<group>";
		};
		96533BAC26A3CB1F00E83025 /* 鬼滅の刃Tests */ = {
			isa = PBXGroup;
			children = (
				96533BAD26A3CB1F00E83025 /* ____Tests.swift */,
				96533BAF26A3CB1F00E83025 /* Info.plist */,
			);
			path = "鬼滅の刃Tests";
			sourceTree = "<group>";
		};
		96533BB726A3CB1F00E83025 /* 鬼滅の刃UITests */ = {
			isa = PBXGroup;
			children = (
				96533BB826A3CB1F00E83025 /* ____UITests.swift */,
				96533BBA26A3CB1F00E83025 /* Info.plist */,
			);
			path = "鬼滅の刃UITests";
			sourceTree = "<group>";
		};
/* End PBXGroup section */

/* Begin PBXNativeTarget section */
		96533B9226A3CB1C00E83025 /* 鬼滅の刃 */ = {
			isa = PBXNativeTarget;
			buildConfigurationList = 96533BBD26A3CB1F00E83025 /* Build configuration list for PBXNativeTarget "鬼滅の刃" */;
			buildPhases = (
				96533B8F26A3CB1C00E83025 /* Sources */,
				96533B9026A3CB1C00E83025 /* Frameworks */,
				96533B9126A3CB1C00E83025 /* Resources */,
			);
			buildRules = (
			);
			dependencies = (
			);
			name = "鬼滅の刃";
			productName = "鬼滅の刃";
			productReference = 96533B9326A3CB1C00E83025 /* 鬼滅の刃.app */;
			productType = "com.apple.product-type.application";
		};
		96533BA826A3CB1F00E83025 /* 鬼滅の刃Tests */ = {
			isa = PBXNativeTarget;
			buildConfigurationList = 96533BC026A3CB1F00E83025 /* Build configuration list for PBXNativeTarget "鬼滅の刃Tests" */;
			buildPhases = (
				96533BA526A3CB1F00E83025 /* Sources */,
				96533BA626A3CB1F00E83025 /* Frameworks */,
				96533BA726A3CB1F00E83025 /* Resources */,
			);
			buildRules = (
			);
			dependencies = (
				96533BAB26A3CB1F00E83025 /* PBXTargetDependency */,
			);
			name = "鬼滅の刃Tests";
			productName = "鬼滅の刃Tests";
			productReference = 96533BA926A3CB1F00E83025 /* 鬼滅の刃Tests.xctest */;
			productType = "com.apple.product-type.bundle.unit-test";
		};
		96533BB326A3CB1F00E83025 /* 鬼滅の刃UITests */ = {
			isa = PBXNativeTarget;
			buildConfigurationList = 96533BC326A3CB1F00E83025 /* Build configuration list for PBXNativeTarget "鬼滅の刃UITests" */;
			buildPhases = (
				96533BB026A3CB1F00E83025 /* Sources */,
				96533BB126A3CB1F00E83025 /* Frameworks */,
				96533BB226A3CB1F00E83025 /* Resources */,
			);
			buildRules = (
			);
			dependencies = (
				96533BB626A3CB1F00E83025 /* PBXTargetDependency */,
			);
			name = "鬼滅の刃UITests";
			productName = "鬼滅の刃UITests";
			productReference = 96533BB426A3CB1F00E83025 /* 鬼滅の刃UITests.xctest */;
			productType = "com.apple.product-type.bundle.ui-testing";
		};
/* End PBXNativeTarget section */

/* Begin PBXProject section */
		96533B8B26A3CB1C00E83025 /* Project object */ = {
			isa = PBXProject;
			attributes = {
				LastSwiftUpdateCheck = 1240;
				LastUpgradeCheck = 1240;
				TargetAttributes = {
					96533B9226A3CB1C00E83025 = {
						CreatedOnToolsVersion = 12.4;
					};
					96533BA826A3CB1F00E83025 = {
						CreatedOnToolsVersion = 12.4;
						TestTargetID = 96533B9226A3CB1C00E83025;
					};
					96533BB326A3CB1F00E83025 = {
						CreatedOnToolsVersion = 12.4;
						TestTargetID = 96533B9226A3CB1C00E83025;
					};
				};
			};
			buildConfigurationList = 96533B8E26A3CB1C00E83025 /* Build configuration list for PBXProject "鬼滅の刃" */;
			compatibilityVersion = "Xcode 9.3";
			developmentRegion = en;
			hasScannedForEncodings = 0;
			knownRegions = (
				en,
				Base,
			);
			mainGroup = 96533B8A26A3CB1C00E83025;
			productRefGroup = 96533B9426A3CB1C00E83025 /* Products */;
			projectDirPath = "";
			projectRoot = "";
			targets = (
				96533B9226A3CB1C00E83025 /* 鬼滅の刃 */,
				96533BA826A3CB1F00E83025 /* 鬼滅の刃Tests */,
				96533BB326A3CB1F00E83025 /* 鬼滅の刃UITests */,
			);
		};
/* End PBXProject section */

/* Begin PBXResourcesBuildPhase section */
		96533B9126A3CB1C00E83025 /* Resources */ = {
			isa = PBXResourcesBuildPhase;
			buildActionMask = 2147483647;
			files = (
				96533BA326A3CB1E00E83025 /* LaunchScreen.storyboard in Resources */,
				96533BA026A3CB1E00E83025 /* Assets.xcassets in Resources */,
				96533B9E26A3CB1C00E83025 /* Main.storyboard in Resources */,
			);
			runOnlyForDeploymentPostprocessing = 0;
		};
		96533BA726A3CB1F00E83025 /* Resources */ = {
			isa = PBXResourcesBuildPhase;
			buildActionMask = 2147483647;
			files = (
			);
			runOnlyForDeploymentPostprocessing = 0;
		};
		96533BB226A3CB1F00E83025 /* Resources */ = {
			isa = PBXResourcesBuildPhase;
			buildActionMask = 2147483647;
			files = (
			);
			runOnlyForDeploymentPostprocessing = 0;
		};
/* End PBXResourcesBuildPhase section */

/* Begin PBXSourcesBuildPhase section */
		96533B8F26A3CB1C00E83025 /* Sources */ = {
			isa = PBXSourcesBuildPhase;
			buildActionMask = 2147483647;
			files = (
				96533B9B26A3CB1C00E83025 /* ViewController.swift in Sources */,
				96533B9726A3CB1C00E83025 /* AppDelegate.swift in Sources */,
				96533B9926A3CB1C00E83025 /* SceneDelegate.swift in Sources */,
			);
			runOnlyForDeploymentPostprocessing = 0;
		};
		96533BA526A3CB1F00E83025 /* Sources */ = {
			isa = PBXSourcesBuildPhase;
			buildActionMask = 2147483647;
			files = (
				96533BAE26A3CB1F00E83025 /* ____Tests.swift in Sources */,
			);
			runOnlyForDeploymentPostprocessing = 0;
		};
		96533BB026A3CB1F00E83025 /* Sources */ = {
			isa = PBXSourcesBuildPhase;
			buildActionMask = 2147483647;
			files = (
				96533BB926A3CB1F00E83025 /* ____UITests.swift in Sources */,
			);
			runOnlyForDeploymentPostprocessing = 0;
		};
/* End PBXSourcesBuildPhase section */

/* Begin PBXTargetDependency section */
		96533BAB26A3CB1F00E83025 /* PBXTargetDependency */ = {
			isa = PBXTargetDependency;
			target = 96533B9226A3CB1C00E83025 /* 鬼滅の刃 */;
			targetProxy = 96533BAA26A3CB1F00E83025 /* PBXContainerItemProxy */;
		};
		96533BB626A3CB1F00E83025 /* PBXTargetDependency */ = {
			isa = PBXTargetDependency;
			target = 96533B9226A3CB1C00E83025 /* 鬼滅の刃 */;
			targetProxy = 96533BB526A3CB1F00E83025 /* PBXContainerItemProxy */;
		};
/* End PBXTargetDependency section */

/* Begin PBXVariantGroup section */
		96533B9C26A3CB1C00E83025 /* Main.storyboard */ = {
			isa = PBXVariantGroup;
			children = (
				96533B9D26A3CB1C00E83025 /* Base */,
			);
			name = Main.storyboard;
			sourceTree = "<group>";
		};
		96533BA126A3CB1E00E83025 /* LaunchScreen.storyboard */ = {
			isa = PBXVariantGroup;
			children = (
				96533BA226A3CB1E00E83025 /* Base */,
			);
			name = LaunchScreen.storyboard;
			sourceTree = "<group>";
		};
/* End PBXVariantGroup section */

/* Begin XCBuildConfiguration section */
		96533BBB26A3CB1F00E83025 /* Debug */ = {
			isa = XCBuildConfiguration;
			buildSettings = {
				ALWAYS_SEARCH_USER_PATHS = NO;
				CLANG_ANALYZER_NONNULL = YES;
				CLANG_ANALYZER_NUMBER_OBJECT_CONVERSION = YES_AGGRESSIVE;
				CLANG_CXX_LANGUAGE_STANDARD = "gnu++14";
				CLANG_CXX_LIBRARY = "libc++";
				CLANG_ENABLE_MODULES = YES;
				CLANG_ENABLE_OBJC_ARC = YES;
				CLANG_ENABLE_OBJC_WEAK = YES;
				CLANG_WARN_BLOCK_CAPTURE_AUTORELEASING = YES;
				CLANG_WARN_BOOL_CONVERSION = YES;
				CLANG_WARN_COMMA = YES;
				CLANG_WARN_CONSTANT_CONVERSION = YES;
				CLANG_WARN_DEPRECATED_OBJC_IMPLEMENTATIONS = YES;
				CLANG_WARN_DIRECT_OBJC_ISA_USAGE = YES_ERROR;
				CLANG_WARN_DOCUMENTATION_COMMENTS = YES;
				CLANG_WARN_EMPTY_BODY = YES;
				CLANG_WARN_ENUM_CONVERSION = YES;
				CLANG_WARN_INFINITE_RECURSION = YES;
				CLANG_WARN_INT_CONVERSION = YES;
				CLANG_WARN_NON_LITERAL_NULL_CONVERSION = YES;
				CLANG_WARN_OBJC_IMPLICIT_RETAIN_SELF = YES;
				CLANG_WARN_OBJC_LITERAL_CONVERSION = YES;
				CLANG_WARN_OBJC_ROOT_CLASS = YES_ERROR;
				CLANG_WARN_QUOTED_INCLUDE_IN_FRAMEWORK_HEADER = YES;
				CLANG_WARN_RANGE_LOOP_ANALYSIS = YES;
				CLANG_WARN_STRICT_PROTOTYPES = YES;
				CLANG_WARN_SUSPICIOUS_MOVE = YES;
				CLANG_WARN_UNGUARDED_AVAILABILITY = YES_AGGRESSIVE;
				CLANG_WARN_UNREACHABLE_CODE = YES;
				CLANG_WARN__DUPLICATE_METHOD_MATCH = YES;
				COPY_PHASE_STRIP = NO;
				DEBUG_INFORMATION_FORMAT = dwarf;
				ENABLE_STRICT_OBJC_MSGSEND = YES;
				ENABLE_TESTABILITY = YES;
				GCC_C_LANGUAGE_STANDARD = gnu11;
				GCC_DYNAMIC_NO_PIC = NO;
				GCC_NO_COMMON_BLOCKS = YES;
				GCC_OPTIMIZATION_LEVEL = 0;
				GCC_PREPROCESSOR_DEFINITIONS = (
					"DEBUG=1",
					"$(inherited)",
				);
				GCC_WARN_64_TO_32_BIT_CONVERSION = YES;
				GCC_WARN_ABOUT_RETURN_TYPE = YES_ERROR;
				GCC_WARN_UNDECLARED_SELECTOR = YES;
				GCC_WARN_UNINITIALIZED_AUTOS = YES_AGGRESSIVE;
				GCC_WARN_UNUSED_FUNCTION = YES;
				GCC_WARN_UNUSED_VARIABLE = YES;
				IPHONEOS_DEPLOYMENT_TARGET = 14.4;
				MTL_ENABLE_DEBUG_INFO = INCLUDE_SOURCE;
				MTL_FAST_MATH = YES;
				ONLY_ACTIVE_ARCH = YES;
				SDKROOT = iphoneos;
				SWIFT_ACTIVE_COMPILATION_CONDITIONS = DEBUG;
				SWIFT_OPTIMIZATION_LEVEL = "-Onone";
			};
			name = Debug;
		};
		96533BBC26A3CB1F00E83025 /* Release */ = {
			isa = XCBuildConfiguration;
			buildSettings = {
				ALWAYS_SEARCH_USER_PATHS = NO;
				CLANG_ANALYZER_NONNULL = YES;
				CLANG_ANALYZER_NUMBER_OBJECT_CONVERSION = YES_AGGRESSIVE;
				CLANG_CXX_LANGUAGE_STANDARD = "gnu++14";
				CLANG_CXX_LIBRARY = "libc++";
				CLANG_ENABLE_MODULES = YES;
				CLANG_ENABLE_OBJC_ARC = YES;
				CLANG_ENABLE_OBJC_WEAK = YES;
				CLANG_WARN_BLOCK_CAPTURE_AUTORELEASING = YES;
				CLANG_WARN_BOOL_CONVERSION = YES;
				CLANG_WARN_COMMA = YES;
				CLANG_WARN_CONSTANT_CONVERSION = YES;
				CLANG_WARN_DEPRECATED_OBJC_IMPLEMENTATIONS = YES;
				CLANG_WARN_DIRECT_OBJC_ISA_USAGE = YES_ERROR;
				CLANG_WARN_DOCUMENTATION_COMMENTS = YES;
				CLANG_WARN_EMPTY_BODY = YES;
				CLANG_WARN_ENUM_CONVERSION = YES;
				CLANG_WARN_INFINITE_RECURSION = YES;
				CLANG_WARN_INT_CONVERSION = YES;
				CLANG_WARN_NON_LITERAL_NULL_CONVERSION = YES;
				CLANG_WARN_OBJC_IMPLICIT_RETAIN_SELF = YES;
				CLANG_WARN_OBJC_LITERAL_CONVERSION = YES;
				CLANG_WARN_OBJC_ROOT_CLASS = YES_ERROR;
				CLANG_WARN_QUOTED_INCLUDE_IN_FRAMEWORK_HEADER = YES;
				CLANG_WARN_RANGE_LOOP_ANALYSIS = YES;
				CLANG_WARN_STRICT_PROTOTYPES = YES;
				CLANG_WARN_SUSPICIOUS_MOVE = YES;
				CLANG_WARN_UNGUARDED_AVAILABILITY = YES_AGGRESSIVE;
				CLANG_WARN_UNREACHABLE_CODE = YES;
				CLANG_WARN__DUPLICATE_METHOD_MATCH = YES;
				COPY_PHASE_STRIP = NO;
				DEBUG_INFORMATION_FORMAT = "dwarf-with-dsym";
				ENABLE_NS_ASSERTIONS = NO;
				ENABLE_STRICT_OBJC_MSGSEND = YES;
				GCC_C_LANGUAGE_STANDARD = gnu11;
				GCC_NO_COMMON_BLOCKS = YES;
				GCC_WARN_64_TO_32_BIT_CONVERSION = YES;
				GCC_WARN_ABOUT_RETURN_TYPE = YES_ERROR;
				GCC_WARN_UNDECLARED_SELECTOR = YES;
				GCC_WARN_UNINITIALIZED_AUTOS = YES_AGGRESSIVE;
				GCC_WARN_UNUSED_FUNCTION = YES;
				GCC_WARN_UNUSED_VARIABLE = YES;
				IPHONEOS_DEPLOYMENT_TARGET = 14.4;
				MTL_ENABLE_DEBUG_INFO = NO;
				MTL_FAST_MATH = YES;
				SDKROOT = iphoneos;
				SWIFT_COMPILATION_MODE = wholemodule;
				SWIFT_OPTIMIZATION_LEVEL = "-O";
				VALIDATE_PRODUCT = YES;
			};
			name = Release;
		};
		96533BBE26A3CB1F00E83025 /* Debug */ = {
			isa = XCBuildConfiguration;
			buildSettings = {
				ASSETCATALOG_COMPILER_APPICON_NAME = AppIcon;
				ASSETCATALOG_COMPILER_GLOBAL_ACCENT_COLOR_NAME = AccentColor;
				CODE_SIGN_STYLE = Automatic;
				DEVELOPMENT_TEAM = FWYVY227K8;
				INFOPLIST_FILE = "鬼滅の刃/Info.plist";
				LD_RUNPATH_SEARCH_PATHS = (
					"$(inherited)",
					"@executable_path/Frameworks",
				);
				PRODUCT_BUNDLE_IDENTIFIER = "com.Jason.----";
				PRODUCT_NAME = "$(TARGET_NAME)";
				SWIFT_VERSION = 5.0;
				TARGETED_DEVICE_FAMILY = "1,2";
			};
			name = Debug;
		};
		96533BBF26A3CB1F00E83025 /* Release */ = {
			isa = XCBuildConfiguration;
			buildSettings = {
				ASSETCATALOG_COMPILER_APPICON_NAME = AppIcon;
				ASSETCATALOG_COMPILER_GLOBAL_ACCENT_COLOR_NAME = AccentColor;
				CODE_SIGN_STYLE = Automatic;
				DEVELOPMENT_TEAM = FWYVY227K8;
				INFOPLIST_FILE = "鬼滅の刃/Info.plist";
				LD_RUNPATH_SEARCH_PATHS = (
					"$(inherited)",
					"@executable_path/Frameworks",
				);
				PRODUCT_BUNDLE_IDENTIFIER = "com.Jason.----";
				PRODUCT_NAME = "$(TARGET_NAME)";
				SWIFT_VERSION = 5.0;
				TARGETED_DEVICE_FAMILY = "1,2";
			};
			name = Release;
		};
		96533BC126A3CB1F00E83025 /* Debug */ = {
			isa = XCBuildConfiguration;
			buildSettings = {
				ALWAYS_EMBED_SWIFT_STANDARD_LIBRARIES = YES;
				BUNDLE_LOADER = "$(TEST_HOST)";
				CODE_SIGN_STYLE = Automatic;
				DEVELOPMENT_TEAM = FWYVY227K8;
				INFOPLIST_FILE = "鬼滅の刃Tests/Info.plist";
				IPHONEOS_DEPLOYMENT_TARGET = 14.4;
				LD_RUNPATH_SEARCH_PATHS = (
					"$(inherited)",
					"@executable_path/Frameworks",
					"@loader_path/Frameworks",
				);
				PRODUCT_BUNDLE_IDENTIFIER = "com.Jason.----Tests";
				PRODUCT_NAME = "$(TARGET_NAME)";
				SWIFT_VERSION = 5.0;
				TARGETED_DEVICE_FAMILY = "1,2";
				TEST_HOST = "$(BUILT_PRODUCTS_DIR)/鬼滅の刃.app/鬼滅の刃";
			};
			name = Debug;
		};
		96533BC226A3CB1F00E83025 /* Release */ = {
			isa = XCBuildConfiguration;
			buildSettings = {
				ALWAYS_EMBED_SWIFT_STANDARD_LIBRARIES = YES;
				BUNDLE_LOADER = "$(TEST_HOST)";
				CODE_SIGN_STYLE = Automatic;
				DEVELOPMENT_TEAM = FWYVY227K8;
				INFOPLIST_FILE = "鬼滅の刃Tests/Info.plist";
				IPHONEOS_DEPLOYMENT_TARGET = 14.4;
				LD_RUNPATH_SEARCH_PATHS = (
					"$(inherited)",
					"@executable_path/Frameworks",
					"@loader_path/Frameworks",
				);
				PRODUCT_BUNDLE_IDENTIFIER = "com.Jason.----Tests";
				PRODUCT_NAME = "$(TARGET_NAME)";
				SWIFT_VERSION = 5.0;
				TARGETED_DEVICE_FAMILY = "1,2";
				TEST_HOST = "$(BUILT_PRODUCTS_DIR)/鬼滅の刃.app/鬼滅の刃";
			};
			name = Release;
		};
		96533BC426A3CB1F00E83025 /* Debug */ = {
			isa = XCBuildConfiguration;
			buildSettings = {
				ALWAYS_EMBED_SWIFT_STANDARD_LIBRARIES = YES;
				CODE_SIGN_STYLE = Automatic;
				DEVELOPMENT_TEAM = FWYVY227K8;
				INFOPLIST_FILE = "鬼滅の刃UITests/Info.plist";
				LD_RUNPATH_SEARCH_PATHS = (
					"$(inherited)",
					"@executable_path/Frameworks",
					"@loader_path/Frameworks",
				);
				PRODUCT_BUNDLE_IDENTIFIER = "com.Jason.----UITests";
				PRODUCT_NAME = "$(TARGET_NAME)";
				SWIFT_VERSION = 5.0;
				TARGETED_DEVICE_FAMILY = "1,2";
				TEST_TARGET_NAME = "鬼滅の刃";
			};
			name = Debug;
		};
		96533BC526A3CB1F00E83025 /* Release */ = {
			isa = XCBuildConfiguration;
			buildSettings = {
				ALWAYS_EMBED_SWIFT_STANDARD_LIBRARIES = YES;
				CODE_SIGN_STYLE = Automatic;
				DEVELOPMENT_TEAM = FWYVY227K8;
				INFOPLIST_FILE = "鬼滅の刃UITests/Info.plist";
				LD_RUNPATH_SEARCH_PATHS = (
					"$(inherited)",
					"@executable_path/Frameworks",
					"@loader_path/Frameworks",
				);
				PRODUCT_BUNDLE_IDENTIFIER = "com.Jason.----UITests";
				PRODUCT_NAME = "$(TARGET_NAME)";
				SWIFT_VERSION = 5.0;
				TARGETED_DEVICE_FAMILY = "1,2";
				TEST_TARGET_NAME = "鬼滅の刃";
			};
			name = Release;
		};
/* End XCBuildConfiguration section */

/* Begin XCConfigurationList section */
		96533B8E26A3CB1C00E83025 /* Build configuration list for PBXProject "鬼滅の刃" */ = {
			isa = XCConfigurationList;
			buildConfigurations = (
				96533BBB26A3CB1F00E83025 /* Debug */,
				96533BBC26A3CB1F00E83025 /* Release */,
			);
			defaultConfigurationIsVisible = 0;
			defaultConfigurationName = Release;
		};
		96533BBD26A3CB1F00E83025 /* Build configuration list for PBXNativeTarget "鬼滅の刃" */ = {
			isa = XCConfigurationList;
			buildConfigurations = (
				96533BBE26A3CB1F00E83025 /* Debug */,
				96533BBF26A3CB1F00E83025 /* Release */,
			);
			defaultConfigurationIsVisible = 0;
			defaultConfigurationName = Release;
		};
		96533BC026A3CB1F00E83025 /* Build configuration list for PBXNativeTarget "鬼滅の刃Tests" */ = {
			isa = XCConfigurationList;
			buildConfigurations = (
				96533BC126A3CB1F00E83025 /* Debug */,
				96533BC226A3CB1F00E83025 /* Release */,
			);
			defaultConfigurationIsVisible = 0;
			defaultConfigurationName = Release;
		};
		96533BC326A3CB1F00E83025 /* Build configuration list for PBXNativeTarget "鬼滅の刃UITests" */ = {
			isa = XCConfigurationList;
			buildConfigurations = (
				96533BC426A3CB1F00E83025 /* Debug */,
				96533BC526A3CB1F00E83025 /* Release */,
			);
			defaultConfigurationIsVisible = 0;
			defaultConfigurationName = Release;
		};
/* End XCConfigurationList section */
	};
	rootObject = 96533B8B26A3CB1C00E83025 /* Project object */;
}
